// !$*UTF8*$!
{
	archiveVersion = 1;
	classes = {
	};
	objectVersion = 55;
	objects = {

/* Begin PBXBuildFile section */
		BE64E0C82972F39E00A96D57 /* TicTacToeAppApp.swift in Sources */ = {isa = PBXBuildFile; fileRef = BE64E0C72972F39E00A96D57 /* TicTacToeAppApp.swift */; };
		BE64E0CC2972F3A200A96D57 /* Assets.xcassets in Resources */ = {isa = PBXBuildFile; fileRef = BE64E0CB2972F3A200A96D57 /* Assets.xcassets */; };
		BE64E0CF2972F3A200A96D57 /* Preview Assets.xcassets in Resources */ = {isa = PBXBuildFile; fileRef = BE64E0CE2972F3A200A96D57 /* Preview Assets.xcassets */; };
		BE64E0D92972F3A200A96D57 /* TicTacToeAppTests.swift in Sources */ = {isa = PBXBuildFile; fileRef = BE64E0D82972F3A200A96D57 /* TicTacToeAppTests.swift */; };
		BE64E0E32972F3A200A96D57 /* TicTacToeAppUITests.swift in Sources */ = {isa = PBXBuildFile; fileRef = BE64E0E22972F3A200A96D57 /* TicTacToeAppUITests.swift */; };
		BE64E0E52972F3A200A96D57 /* TicTacToeAppUITestsLaunchTests.swift in Sources */ = {isa = PBXBuildFile; fileRef = BE64E0E42972F3A200A96D57 /* TicTacToeAppUITestsLaunchTests.swift */; };
		BE64E0F62973E0D400A96D57 /* HomeView.swift in Sources */ = {isa = PBXBuildFile; fileRef = BE64E0F52973E0D400A96D57 /* HomeView.swift */; };
		BE8A297E2974212400B6D3FC /* GridView.swift in Sources */ = {isa = PBXBuildFile; fileRef = BE8A297D2974212400B6D3FC /* GridView.swift */; };
/* End PBXBuildFile section */

/* Begin PBXContainerItemProxy section */
		BE64E0D52972F3A200A96D57 /* PBXContainerItemProxy */ = {
			isa = PBXContainerItemProxy;
			containerPortal = BE64E0BC2972F39E00A96D57 /* Project object */;
			proxyType = 1;
			remoteGlobalIDString = BE64E0C32972F39E00A96D57;
			remoteInfo = TicTacToeApp;
		};
		BE64E0DF2972F3A200A96D57 /* PBXContainerItemProxy */ = {
			isa = PBXContainerItemProxy;
			containerPortal = BE64E0BC2972F39E00A96D57 /* Project object */;
			proxyType = 1;
			remoteGlobalIDString = BE64E0C32972F39E00A96D57;
			remoteInfo = TicTacToeApp;
		};
/* End PBXContainerItemProxy section */

/* Begin PBXFileReference section */
		BE64E0C42972F39E00A96D57 /* TicTacToeApp.app */ = {isa = PBXFileReference; explicitFileType = wrapper.application; includeInIndex = 0; path = TicTacToeApp.app; sourceTree = BUILT_PRODUCTS_DIR; };
		BE64E0C72972F39E00A96D57 /* TicTacToeAppApp.swift */ = {isa = PBXFileReference; lastKnownFileType = sourcecode.swift; path = TicTacToeAppApp.swift; sourceTree = "<group>"; };
		BE64E0CB2972F3A200A96D57 /* Assets.xcassets */ = {isa = PBXFileReference; lastKnownFileType = folder.assetcatalog; path = Assets.xcassets; sourceTree = "<group>"; };
		BE64E0CE2972F3A200A96D57 /* Preview Assets.xcassets */ = {isa = PBXFileReference; lastKnownFileType = folder.assetcatalog; path = "Preview Assets.xcassets"; sourceTree = "<group>"; };
		BE64E0D42972F3A200A96D57 /* TicTacToeAppTests.xctest */ = {isa = PBXFileReference; explicitFileType = wrapper.cfbundle; includeInIndex = 0; path = TicTacToeAppTests.xctest; sourceTree = BUILT_PRODUCTS_DIR; };
		BE64E0D82972F3A200A96D57 /* TicTacToeAppTests.swift */ = {isa = PBXFileReference; lastKnownFileType = sourcecode.swift; path = TicTacToeAppTests.swift; sourceTree = "<group>"; };
		BE64E0DE2972F3A200A96D57 /* TicTacToeAppUITests.xctest */ = {isa = PBXFileReference; explicitFileType = wrapper.cfbundle; includeInIndex = 0; path = TicTacToeAppUITests.xctest; sourceTree = BUILT_PRODUCTS_DIR; };
		BE64E0E22972F3A200A96D57 /* TicTacToeAppUITests.swift */ = {isa = PBXFileReference; lastKnownFileType = sourcecode.swift; path = TicTacToeAppUITests.swift; sourceTree = "<group>"; };
		BE64E0E42972F3A200A96D57 /* TicTacToeAppUITestsLaunchTests.swift */ = {isa = PBXFileReference; lastKnownFileType = sourcecode.swift; path = TicTacToeAppUITestsLaunchTests.swift; sourceTree = "<group>"; };
		BE64E0F52973E0D400A96D57 /* HomeView.swift */ = {isa = PBXFileReference; lastKnownFileType = sourcecode.swift; path = HomeView.swift; sourceTree = "<group>"; };
		BE8A297D2974212400B6D3FC /* GridView.swift */ = {isa = PBXFileReference; lastKnownFileType = sourcecode.swift; path = GridView.swift; sourceTree = "<group>"; };
/* End PBXFileReference section */

/* Begin PBXFrameworksBuildPhase section */
		BE64E0C12972F39E00A96D57 /* Frameworks */ = {
			isa = PBXFrameworksBuildPhase;
			buildActionMask = 2147483647;
			files = (
			);
			runOnlyForDeploymentPostprocessing = 0;
		};
		BE64E0D12972F3A200A96D57 /* Frameworks */ = {
			isa = PBXFrameworksBuildPhase;
			buildActionMask = 2147483647;
			files = (
			);
			runOnlyForDeploymentPostprocessing = 0;
		};
		BE64E0DB2972F3A200A96D57 /* Frameworks */ = {
			isa = PBXFrameworksBuildPhase;
			buildActionMask = 2147483647;
			files = (
			);
			runOnlyForDeploymentPostprocessing = 0;
		};
/* End PBXFrameworksBuildPhase section */

/* Begin PBXGroup section */
		BE64E0BB2972F39E00A96D57 = {
			isa = PBXGroup;
			children = (
				BE64E0C62972F39E00A96D57 /* TicTacToeApp */,
				BE64E0D72972F3A200A96D57 /* TicTacToeAppTests */,
				BE64E0E12972F3A200A96D57 /* TicTacToeAppUITests */,
				BE64E0C52972F39E00A96D57 /* Products */,
			);
			sourceTree = "<group>";
		};
		BE64E0C52972F39E00A96D57 /* Products */ = {
			isa = PBXGroup;
			children = (
				BE64E0C42972F39E00A96D57 /* TicTacToeApp.app */,
				BE64E0D42972F3A200A96D57 /* TicTacToeAppTests.xctest */,
				BE64E0DE2972F3A200A96D57 /* TicTacToeAppUITests.xctest */,
			);
			name = Products;
			sourceTree = "<group>";
		};
		BE64E0C62972F39E00A96D57 /* TicTacToeApp */ = {
			isa = PBXGroup;
			children = (
				BE64E0F12972FF5C00A96D57 /* App */,
				BE64E0F22972FF7000A96D57 /* PresentationLayer */,
				BE64E0F32972FF8100A96D57 /* Resources */,
				BE64E0CD2972F3A200A96D57 /* Preview Content */,
			);
			path = TicTacToeApp;
			sourceTree = "<group>";
		};
		BE64E0CD2972F3A200A96D57 /* Preview Content */ = {
			isa = PBXGroup;
			children = (
				BE64E0CE2972F3A200A96D57 /* Preview Assets.xcassets */,
			);
			path = "Preview Content";
			sourceTree = "<group>";
		};
		BE64E0D72972F3A200A96D57 /* TicTacToeAppTests */ = {
			isa = PBXGroup;
			children = (
				BE64E0D82972F3A200A96D57 /* TicTacToeAppTests.swift */,
			);
			path = TicTacToeAppTests;
			sourceTree = "<group>";
		};
		BE64E0E12972F3A200A96D57 /* TicTacToeAppUITests */ = {
			isa = PBXGroup;
			children = (
				BE64E0E22972F3A200A96D57 /* TicTacToeAppUITests.swift */,
				BE64E0E42972F3A200A96D57 /* TicTacToeAppUITestsLaunchTests.swift */,
			);
			path = TicTacToeAppUITests;
			sourceTree = "<group>";
		};
		BE64E0F12972FF5C00A96D57 /* App */ = {
			isa = PBXGroup;
			children = (
				BE64E0C72972F39E00A96D57 /* TicTacToeAppApp.swift */,
			);
			path = App;
			sourceTree = "<group>";
		};
		BE64E0F22972FF7000A96D57 /* PresentationLayer */ = {
			isa = PBXGroup;
			children = (
				BE64E0F42973E0BA00A96D57 /* HomeView */,
			);
			path = PresentationLayer;
			sourceTree = "<group>";
		};
		BE64E0F32972FF8100A96D57 /* Resources */ = {
			isa = PBXGroup;
			children = (
				BE64E0CB2972F3A200A96D57 /* Assets.xcassets */,
			);
			path = Resources;
			sourceTree = "<group>";
		};
		BE64E0F42973E0BA00A96D57 /* HomeView */ = {
			isa = PBXGroup;
			children = (
				BE64E0F52973E0D400A96D57 /* HomeView.swift */,
				BE8A297D2974212400B6D3FC /* GridView.swift */,
			);
			path = HomeView;
			sourceTree = "<group>";
		};
/* End PBXGroup section */

/* Begin PBXNativeTarget section */
		BE64E0C32972F39E00A96D57 /* TicTacToeApp */ = {
			isa = PBXNativeTarget;
			buildConfigurationList = BE64E0E82972F3A200A96D57 /* Build configuration list for PBXNativeTarget "TicTacToeApp" */;
			buildPhases = (
				BE64E0C02972F39E00A96D57 /* Sources */,
				BE64E0C12972F39E00A96D57 /* Frameworks */,
				BE64E0C22972F39E00A96D57 /* Resources */,
			);
			buildRules = (
			);
			dependencies = (
			);
			name = TicTacToeApp;
			productName = TicTacToeApp;
			productReference = BE64E0C42972F39E00A96D57 /* TicTacToeApp.app */;
			productType = "com.apple.product-type.application";
		};
		BE64E0D32972F3A200A96D57 /* TicTacToeAppTests */ = {
			isa = PBXNativeTarget;
			buildConfigurationList = BE64E0EB2972F3A200A96D57 /* Build configuration list for PBXNativeTarget "TicTacToeAppTests" */;
			buildPhases = (
				BE64E0D02972F3A200A96D57 /* Sources */,
				BE64E0D12972F3A200A96D57 /* Frameworks */,
				BE64E0D22972F3A200A96D57 /* Resources */,
			);
			buildRules = (
			);
			dependencies = (
				BE64E0D62972F3A200A96D57 /* PBXTargetDependency */,
			);
			name = TicTacToeAppTests;
			productName = TicTacToeAppTests;
			productReference = BE64E0D42972F3A200A96D57 /* TicTacToeAppTests.xctest */;
			productType = "com.apple.product-type.bundle.unit-test";
		};
		BE64E0DD2972F3A200A96D57 /* TicTacToeAppUITests */ = {
			isa = PBXNativeTarget;
			buildConfigurationList = BE64E0EE2972F3A200A96D57 /* Build configuration list for PBXNativeTarget "TicTacToeAppUITests" */;
			buildPhases = (
				BE64E0DA2972F3A200A96D57 /* Sources */,
				BE64E0DB2972F3A200A96D57 /* Frameworks */,
				BE64E0DC2972F3A200A96D57 /* Resources */,
			);
			buildRules = (
			);
			dependencies = (
				BE64E0E02972F3A200A96D57 /* PBXTargetDependency */,
			);
			name = TicTacToeAppUITests;
			productName = TicTacToeAppUITests;
			productReference = BE64E0DE2972F3A200A96D57 /* TicTacToeAppUITests.xctest */;
			productType = "com.apple.product-type.bundle.ui-testing";
		};
/* End PBXNativeTarget section */

/* Begin PBXProject section */
		BE64E0BC2972F39E00A96D57 /* Project object */ = {
			isa = PBXProject;
			attributes = {
				BuildIndependentTargetsInParallel = 1;
				LastSwiftUpdateCheck = 1340;
				LastUpgradeCheck = 1340;
				TargetAttributes = {
					BE64E0C32972F39E00A96D57 = {
						CreatedOnToolsVersion = 13.4.1;
					};
					BE64E0D32972F3A200A96D57 = {
						CreatedOnToolsVersion = 13.4.1;
						TestTargetID = BE64E0C32972F39E00A96D57;
					};
					BE64E0DD2972F3A200A96D57 = {
						CreatedOnToolsVersion = 13.4.1;
						TestTargetID = BE64E0C32972F39E00A96D57;
					};
				};
			};
			buildConfigurationList = BE64E0BF2972F39E00A96D57 /* Build configuration list for PBXProject "TicTacToeApp" */;
			compatibilityVersion = "Xcode 13.0";
			developmentRegion = en;
			hasScannedForEncodings = 0;
			knownRegions = (
				en,
				Base,
			);
			mainGroup = BE64E0BB2972F39E00A96D57;
			productRefGroup = BE64E0C52972F39E00A96D57 /* Products */;
			projectDirPath = "";
			projectRoot = "";
			targets = (
				BE64E0C32972F39E00A96D57 /* TicTacToeApp */,
				BE64E0D32972F3A200A96D57 /* TicTacToeAppTests */,
				BE64E0DD2972F3A200A96D57 /* TicTacToeAppUITests */,
			);
		};
/* End PBXProject section */

/* Begin PBXResourcesBuildPhase section */
		BE64E0C22972F39E00A96D57 /* Resources */ = {
			isa = PBXResourcesBuildPhase;
			buildActionMask = 2147483647;
			files = (
				BE64E0CF2972F3A200A96D57 /* Preview Assets.xcassets in Resources */,
				BE64E0CC2972F3A200A96D57 /* Assets.xcassets in Resources */,
			);
			runOnlyForDeploymentPostprocessing = 0;
		};
		BE64E0D22972F3A200A96D57 /* Resources */ = {
			isa = PBXResourcesBuildPhase;
			buildActionMask = 2147483647;
			files = (
			);
			runOnlyForDeploymentPostprocessing = 0;
		};
		BE64E0DC2972F3A200A96D57 /* Resources */ = {
			isa = PBXResourcesBuildPhase;
			buildActionMask = 2147483647;
			files = (
			);
			runOnlyForDeploymentPostprocessing = 0;
		};
/* End PBXResourcesBuildPhase section */

/* Begin PBXSourcesBuildPhase section */
		BE64E0C02972F39E00A96D57 /* Sources */ = {
			isa = PBXSourcesBuildPhase;
			buildActionMask = 2147483647;
			files = (
				BE64E0F62973E0D400A96D57 /* HomeView.swift in Sources */,
				BE8A297E2974212400B6D3FC /* GridView.swift in Sources */,
				BE64E0C82972F39E00A96D57 /* TicTacToeAppApp.swift in Sources */,
			);
			runOnlyForDeploymentPostprocessing = 0;
		};
		BE64E0D02972F3A200A96D57 /* Sources */ = {
			isa = PBXSourcesBuildPhase;
			buildActionMask = 2147483647;
			files = (
				BE64E0D92972F3A200A96D57 /* TicTacToeAppTests.swift in Sources */,
			);
			runOnlyForDeploymentPostprocessing = 0;
		};
		BE64E0DA2972F3A200A96D57 /* Sources */ = {
			isa = PBXSourcesBuildPhase;
			buildActionMask = 2147483647;
			files = (
				BE64E0E32972F3A200A96D57 /* TicTacToeAppUITests.swift in Sources */,
				BE64E0E52972F3A200A96D57 /* TicTacToeAppUITestsLaunchTests.swift in Sources */,
			);
			runOnlyForDeploymentPostprocessing = 0;
		};
/* End PBXSourcesBuildPhase section */

/* Begin PBXTargetDependency section */
		BE64E0D62972F3A200A96D57 /* PBXTargetDependency */ = {
			isa = PBXTargetDependency;
			target = BE64E0C32972F39E00A96D57 /* TicTacToeApp */;
			targetProxy = BE64E0D52972F3A200A96D57 /* PBXContainerItemProxy */;
		};
		BE64E0E02972F3A200A96D57 /* PBXTargetDependency */ = {
			isa = PBXTargetDependency;
			target = BE64E0C32972F39E00A96D57 /* TicTacToeApp */;
			targetProxy = BE64E0DF2972F3A200A96D57 /* PBXContainerItemProxy */;
		};
/* End PBXTargetDependency section */

/* Begin XCBuildConfiguration section */
		BE64E0E62972F3A200A96D57 /* Debug */ = {
			isa = XCBuildConfiguration;
			buildSettings = {
				ALWAYS_SEARCH_USER_PATHS = NO;
				CLANG_ANALYZER_NONNULL = YES;
				CLANG_ANALYZER_NUMBER_OBJECT_CONVERSION = YES_AGGRESSIVE;
				CLANG_CXX_LANGUAGE_STANDARD = "gnu++17";
				CLANG_ENABLE_MODULES = YES;
				CLANG_ENABLE_OBJC_ARC = YES;
				CLANG_ENABLE_OBJC_WEAK = YES;
				CLANG_WARN_BLOCK_CAPTURE_AUTORELEASING = YES;
				CLANG_WARN_BOOL_CONVERSION = YES;
				CLANG_WARN_COMMA = YES;
				CLANG_WARN_CONSTANT_CONVERSION = YES;
				CLANG_WARN_DEPRECATED_OBJC_IMPLEMENTATIONS = YES;
				CLANG_WARN_DIRECT_OBJC_ISA_USAGE = YES_ERROR;
				CLANG_WARN_DOCUMENTATION_COMMENTS = YES;
				CLANG_WARN_EMPTY_BODY = YES;
				CLANG_WARN_ENUM_CONVERSION = YES;
				CLANG_WARN_INFINITE_RECURSION = YES;
				CLANG_WARN_INT_CONVERSION = YES;
				CLANG_WARN_NON_LITERAL_NULL_CONVERSION = YES;
				CLANG_WARN_OBJC_IMPLICIT_RETAIN_SELF = YES;
				CLANG_WARN_OBJC_LITERAL_CONVERSION = YES;
				CLANG_WARN_OBJC_ROOT_CLASS = YES_ERROR;
				CLANG_WARN_QUOTED_INCLUDE_IN_FRAMEWORK_HEADER = YES;
				CLANG_WARN_RANGE_LOOP_ANALYSIS = YES;
				CLANG_WARN_STRICT_PROTOTYPES = YES;
				CLANG_WARN_SUSPICIOUS_MOVE = YES;
				CLANG_WARN_UNGUARDED_AVAILABILITY = YES_AGGRESSIVE;
				CLANG_WARN_UNREACHABLE_CODE = YES;
				CLANG_WARN__DUPLICATE_METHOD_MATCH = YES;
				COPY_PHASE_STRIP = NO;
				DEBUG_INFORMATION_FORMAT = dwarf;
				ENABLE_STRICT_OBJC_MSGSEND = YES;
				ENABLE_TESTABILITY = YES;
				GCC_C_LANGUAGE_STANDARD = gnu11;
				GCC_DYNAMIC_NO_PIC = NO;
				GCC_NO_COMMON_BLOCKS = YES;
				GCC_OPTIMIZATION_LEVEL = 0;
				GCC_PREPROCESSOR_DEFINITIONS = (
					"DEBUG=1",
					"$(inherited)",
				);
				GCC_WARN_64_TO_32_BIT_CONVERSION = YES;
				GCC_WARN_ABOUT_RETURN_TYPE = YES_ERROR;
				GCC_WARN_UNDECLARED_SELECTOR = YES;
				GCC_WARN_UNINITIALIZED_AUTOS = YES_AGGRESSIVE;
				GCC_WARN_UNUSED_FUNCTION = YES;
				GCC_WARN_UNUSED_VARIABLE = YES;
				IPHONEOS_DEPLOYMENT_TARGET = 15.5;
				MTL_ENABLE_DEBUG_INFO = INCLUDE_SOURCE;
				MTL_FAST_MATH = YES;
				ONLY_ACTIVE_ARCH = YES;
				SDKROOT = iphoneos;
				SWIFT_ACTIVE_COMPILATION_CONDITIONS = DEBUG;
				SWIFT_OPTIMIZATION_LEVEL = "-Onone";
			};
			name = Debug;
		};
		BE64E0E72972F3A200A96D57 /* Release */ = {
			isa = XCBuildConfiguration;
			buildSettings = {
				ALWAYS_SEARCH_USER_PATHS = NO;
				CLANG_ANALYZER_NONNULL = YES;
				CLANG_ANALYZER_NUMBER_OBJECT_CONVERSION = YES_AGGRESSIVE;
				CLANG_CXX_LANGUAGE_STANDARD = "gnu++17";
				CLANG_ENABLE_MODULES = YES;
				CLANG_ENABLE_OBJC_ARC = YES;
				CLANG_ENABLE_OBJC_WEAK = YES;
				CLANG_WARN_BLOCK_CAPTURE_AUTORELEASING = YES;
				CLANG_WARN_BOOL_CONVERSION = YES;
				CLANG_WARN_COMMA = YES;
				CLANG_WARN_CONSTANT_CONVERSION = YES;
				CLANG_WARN_DEPRECATED_OBJC_IMPLEMENTATIONS = YES;
				CLANG_WARN_DIRECT_OBJC_ISA_USAGE = YES_ERROR;
				CLANG_WARN_DOCUMENTATION_COMMENTS = YES;
				CLANG_WARN_EMPTY_BODY = YES;
				CLANG_WARN_ENUM_CONVERSION = YES;
				CLANG_WARN_INFINITE_RECURSION = YES;
				CLANG_WARN_INT_CONVERSION = YES;
				CLANG_WARN_NON_LITERAL_NULL_CONVERSION = YES;
				CLANG_WARN_OBJC_IMPLICIT_RETAIN_SELF = YES;
				CLANG_WARN_OBJC_LITERAL_CONVERSION = YES;
				CLANG_WARN_OBJC_ROOT_CLASS = YES_ERROR;
				CLANG_WARN_QUOTED_INCLUDE_IN_FRAMEWORK_HEADER = YES;
				CLANG_WARN_RANGE_LOOP_ANALYSIS = YES;
				CLANG_WARN_STRICT_PROTOTYPES = YES;
				CLANG_WARN_SUSPICIOUS_MOVE = YES;
				CLANG_WARN_UNGUARDED_AVAILABILITY = YES_AGGRESSIVE;
				CLANG_WARN_UNREACHABLE_CODE = YES;
				CLANG_WARN__DUPLICATE_METHOD_MATCH = YES;
				COPY_PHASE_STRIP = NO;
				DEBUG_INFORMATION_FORMAT = "dwarf-with-dsym";
				ENABLE_NS_ASSERTIONS = NO;
				ENABLE_STRICT_OBJC_MSGSEND = YES;
				GCC_C_LANGUAGE_STANDARD = gnu11;
				GCC_NO_COMMON_BLOCKS = YES;
				GCC_WARN_64_TO_32_BIT_CONVERSION = YES;
				GCC_WARN_ABOUT_RETURN_TYPE = YES_ERROR;
				GCC_WARN_UNDECLARED_SELECTOR = YES;
				GCC_WARN_UNINITIALIZED_AUTOS = YES_AGGRESSIVE;
				GCC_WARN_UNUSED_FUNCTION = YES;
				GCC_WARN_UNUSED_VARIABLE = YES;
				IPHONEOS_DEPLOYMENT_TARGET = 15.5;
				MTL_ENABLE_DEBUG_INFO = NO;
				MTL_FAST_MATH = YES;
				SDKROOT = iphoneos;
				SWIFT_COMPILATION_MODE = wholemodule;
				SWIFT_OPTIMIZATION_LEVEL = "-O";
				VALIDATE_PRODUCT = YES;
			};
			name = Release;
		};
		BE64E0E92972F3A200A96D57 /* Debug */ = {
			isa = XCBuildConfiguration;
			buildSettings = {
				ASSETCATALOG_COMPILER_APPICON_NAME = AppIcon;
				ASSETCATALOG_COMPILER_GLOBAL_ACCENT_COLOR_NAME = AccentColor;
				CODE_SIGN_STYLE = Automatic;
				CURRENT_PROJECT_VERSION = 1;
				DEVELOPMENT_ASSET_PATHS = "\"TicTacToeApp/Preview Content\"";
				DEVELOPMENT_TEAM = VRQ6H42Z38;
				ENABLE_PREVIEWS = YES;
				GENERATE_INFOPLIST_FILE = YES;
				INFOPLIST_KEY_UIApplicationSceneManifest_Generation = YES;
				INFOPLIST_KEY_UIApplicationSupportsIndirectInputEvents = YES;
				INFOPLIST_KEY_UILaunchScreen_Generation = YES;
				INFOPLIST_KEY_UISupportedInterfaceOrientations_iPad = "UIInterfaceOrientationPortrait UIInterfaceOrientationPortraitUpsideDown UIInterfaceOrientationLandscapeLeft UIInterfaceOrientationLandscapeRight";
				INFOPLIST_KEY_UISupportedInterfaceOrientations_iPhone = "UIInterfaceOrientationPortrait UIInterfaceOrientationLandscapeLeft UIInterfaceOrientationLandscapeRight";
				LD_RUNPATH_SEARCH_PATHS = (
					"$(inherited)",
					"@executable_path/Frameworks",
				);
				MARKETING_VERSION = 1.0;
				PRODUCT_BUNDLE_IDENTIFIER = com.rajanand.TicTacToeApp;
				PRODUCT_NAME = "$(TARGET_NAME)";
				SWIFT_EMIT_LOC_STRINGS = YES;
				SWIFT_VERSION = 5.0;
				TARGETED_DEVICE_FAMILY = "1,2";
			};
			name = Debug;
		};
		BE64E0EA2972F3A200A96D57 /* Release */ = {
			isa = XCBuildConfiguration;
			buildSettings = {
				ASSETCATALOG_COMPILER_APPICON_NAME = AppIcon;
				ASSETCATALOG_COMPILER_GLOBAL_ACCENT_COLOR_NAME = AccentColor;
				CODE_SIGN_STYLE = Automatic;
				CURRENT_PROJECT_VERSION = 1;
				DEVELOPMENT_ASSET_PATHS = "\"TicTacToeApp/Preview Content\"";
				DEVELOPMENT_TEAM = VRQ6H42Z38;
				ENABLE_PREVIEWS = YES;
				GENERATE_INFOPLIST_FILE = YES;
				INFOPLIST_KEY_UIApplicationSceneManifest_Generation = YES;
				INFOPLIST_KEY_UIApplicationSupportsIndirectInputEvents = YES;
				INFOPLIST_KEY_UILaunchScreen_Generation = YES;
				INFOPLIST_KEY_UISupportedInterfaceOrientations_iPad = "UIInterfaceOrientationPortrait UIInterfaceOrientationPortraitUpsideDown UIInterfaceOrientationLandscapeLeft UIInterfaceOrientationLandscapeRight";
				INFOPLIST_KEY_UISupportedInterfaceOrientations_iPhone = "UIInterfaceOrientationPortrait UIInterfaceOrientationLandscapeLeft UIInterfaceOrientationLandscapeRight";
				LD_RUNPATH_SEARCH_PATHS = (
					"$(inherited)",
					"@executable_path/Frameworks",
				);
				MARKETING_VERSION = 1.0;
				PRODUCT_BUNDLE_IDENTIFIER = com.rajanand.TicTacToeApp;
				PRODUCT_NAME = "$(TARGET_NAME)";
				SWIFT_EMIT_LOC_STRINGS = YES;
				SWIFT_VERSION = 5.0;
				TARGETED_DEVICE_FAMILY = "1,2";
			};
			name = Release;
		};
		BE64E0EC2972F3A200A96D57 /* Debug */ = {
			isa = XCBuildConfiguration;
			buildSettings = {
				ALWAYS_EMBED_SWIFT_STANDARD_LIBRARIES = YES;
				BUNDLE_LOADER = "$(TEST_HOST)";
				CODE_SIGN_STYLE = Automatic;
				CURRENT_PROJECT_VERSION = 1;
				DEVELOPMENT_TEAM = VRQ6H42Z38;
				GENERATE_INFOPLIST_FILE = YES;
				IPHONEOS_DEPLOYMENT_TARGET = 15.5;
				MARKETING_VERSION = 1.0;
				PRODUCT_BUNDLE_IDENTIFIER = com.rajanand.TicTacToeAppTests;
				PRODUCT_NAME = "$(TARGET_NAME)";
				SWIFT_EMIT_LOC_STRINGS = NO;
				SWIFT_VERSION = 5.0;
				TARGETED_DEVICE_FAMILY = "1,2";
				TEST_HOST = "$(BUILT_PRODUCTS_DIR)/TicTacToeApp.app/TicTacToeApp";
			};
			name = Debug;
		};
		BE64E0ED2972F3A200A96D57 /* Release */ = {
			isa = XCBuildConfiguration;
			buildSettings = {
				ALWAYS_EMBED_SWIFT_STANDARD_LIBRARIES = YES;
				BUNDLE_LOADER = "$(TEST_HOST)";
				CODE_SIGN_STYLE = Automatic;
				CURRENT_PROJECT_VERSION = 1;
				DEVELOPMENT_TEAM = VRQ6H42Z38;
				GENERATE_INFOPLIST_FILE = YES;
				IPHONEOS_DEPLOYMENT_TARGET = 15.5;
				MARKETING_VERSION = 1.0;
				PRODUCT_BUNDLE_IDENTIFIER = com.rajanand.TicTacToeAppTests;
				PRODUCT_NAME = "$(TARGET_NAME)";
				SWIFT_EMIT_LOC_STRINGS = NO;
				SWIFT_VERSION = 5.0;
				TARGETED_DEVICE_FAMILY = "1,2";
				TEST_HOST = "$(BUILT_PRODUCTS_DIR)/TicTacToeApp.app/TicTacToeApp";
			};
			name = Release;
		};
		BE64E0EF2972F3A200A96D57 /* Debug */ = {
			isa = XCBuildConfiguration;
			buildSettings = {
				ALWAYS_EMBED_SWIFT_STANDARD_LIBRARIES = YES;
				CODE_SIGN_STYLE = Automatic;
				CURRENT_PROJECT_VERSION = 1;
				DEVELOPMENT_TEAM = VRQ6H42Z38;
				GENERATE_INFOPLIST_FILE = YES;
				MARKETING_VERSION = 1.0;
				PRODUCT_BUNDLE_IDENTIFIER = com.rajanand.TicTacToeAppUITests;
				PRODUCT_NAME = "$(TARGET_NAME)";
				SWIFT_EMIT_LOC_STRINGS = NO;
				SWIFT_VERSION = 5.0;
				TARGETED_DEVICE_FAMILY = "1,2";
				TEST_TARGET_NAME = TicTacToeApp;
			};
			name = Debug;
		};
		BE64E0F02972F3A200A96D57 /* Release */ = {
			isa = XCBuildConfiguration;
			buildSettings = {
				ALWAYS_EMBED_SWIFT_STANDARD_LIBRARIES = YES;
				CODE_SIGN_STYLE = Automatic;
				CURRENT_PROJECT_VERSION = 1;
				DEVELOPMENT_TEAM = VRQ6H42Z38;
				GENERATE_INFOPLIST_FILE = YES;
				MARKETING_VERSION = 1.0;
				PRODUCT_BUNDLE_IDENTIFIER = com.rajanand.TicTacToeAppUITests;
				PRODUCT_NAME = "$(TARGET_NAME)";
				SWIFT_EMIT_LOC_STRINGS = NO;
				SWIFT_VERSION = 5.0;
				TARGETED_DEVICE_FAMILY = "1,2";
				TEST_TARGET_NAME = TicTacToeApp;
			};
			name = Release;
		};
/* End XCBuildConfiguration section */

/* Begin XCConfigurationList section */
		BE64E0BF2972F39E00A96D57 /* Build configuration list for PBXProject "TicTacToeApp" */ = {
			isa = XCConfigurationList;
			buildConfigurations = (
				BE64E0E62972F3A200A96D57 /* Debug */,
				BE64E0E72972F3A200A96D57 /* Release */,
			);
			defaultConfigurationIsVisible = 0;
			defaultConfigurationName = Release;
		};
		BE64E0E82972F3A200A96D57 /* Build configuration list for PBXNativeTarget "TicTacToeApp" */ = {
			isa = XCConfigurationList;
			buildConfigurations = (
				BE64E0E92972F3A200A96D57 /* Debug */,
				BE64E0EA2972F3A200A96D57 /* Release */,
			);
			defaultConfigurationIsVisible = 0;
			defaultConfigurationName = Release;
		};
		BE64E0EB2972F3A200A96D57 /* Build configuration list for PBXNativeTarget "TicTacToeAppTests" */ = {
			isa = XCConfigurationList;
			buildConfigurations = (
				BE64E0EC2972F3A200A96D57 /* Debug */,
				BE64E0ED2972F3A200A96D57 /* Release */,
			);
			defaultConfigurationIsVisible = 0;
			defaultConfigurationName = Release;
		};
		BE64E0EE2972F3A200A96D57 /* Build configuration list for PBXNativeTarget "TicTacToeAppUITests" */ = {
			isa = XCConfigurationList;
			buildConfigurations = (
				BE64E0EF2972F3A200A96D57 /* Debug */,
				BE64E0F02972F3A200A96D57 /* Release */,
			);
			defaultConfigurationIsVisible = 0;
			defaultConfigurationName = Release;
		};
/* End XCConfigurationList section */
	};
	rootObject = BE64E0BC2972F39E00A96D57 /* Project object */;
}
